// !$*UTF8*$!
{
	archiveVersion = 1;
	classes = {
	};
	objectVersion = 51;
	objects = {

/* Begin PBXBuildFile section */
		778AD78E29C28CA800875A0D /* AppDelegate.swift in Sources */ = {isa = PBXBuildFile; fileRef = 778AD78D29C28CA800875A0D /* AppDelegate.swift */; };
		778AD79029C28CA800875A0D /* SceneDelegate.swift in Sources */ = {isa = PBXBuildFile; fileRef = 778AD78F29C28CA800875A0D /* SceneDelegate.swift */; };
		778AD79229C28CA800875A0D /* ViewController.swift in Sources */ = {isa = PBXBuildFile; fileRef = 778AD79129C28CA800875A0D /* ViewController.swift */; };
		778AD79529C28CA900875A0D /* Main.storyboard in Resources */ = {isa = PBXBuildFile; fileRef = 778AD79329C28CA900875A0D /* Main.storyboard */; };
		778AD79729C28CAB00875A0D /* Assets.xcassets in Resources */ = {isa = PBXBuildFile; fileRef = 778AD79629C28CAB00875A0D /* Assets.xcassets */; };
		778AD79A29C28CAB00875A0D /* LaunchScreen.storyboard in Resources */ = {isa = PBXBuildFile; fileRef = 778AD79829C28CAB00875A0D /* LaunchScreen.storyboard */; };
		77C20B3B29C3ED39005A2671 /* Pizza.swift in Sources */ = {isa = PBXBuildFile; fileRef = 77C20B3A29C3ED39005A2671 /* Pizza.swift */; };
		77C20B3E29C3F257005A2671 /* MyCustomCellXIB.swift in Sources */ = {isa = PBXBuildFile; fileRef = 77C20B3C29C3F257005A2671 /* MyCustomCellXIB.swift */; };
		77C20B3F29C3F257005A2671 /* MyCustomCellXIB.xib in Resources */ = {isa = PBXBuildFile; fileRef = 77C20B3D29C3F257005A2671 /* MyCustomCellXIB.xib */; };
		77C20B4129C3F835005A2671 /* PricePizzaViewController.swift in Sources */ = {isa = PBXBuildFile; fileRef = 77C20B4029C3F835005A2671 /* PricePizzaViewController.swift */; };
		8AEE873DD7A26AC9B12D246E /* Pods_ProjectRequestTwo.framework in Frameworks */ = {isa = PBXBuildFile; fileRef = 4FF1B81128DD65FA5F8EE019 /* Pods_ProjectRequestTwo.framework */; };
/* End PBXBuildFile section */

/* Begin PBXFileReference section */
		2E624DB89847D9A5D5515424 /* Pods-ProjectRequestTwo.release.xcconfig */ = {isa = PBXFileReference; includeInIndex = 1; lastKnownFileType = text.xcconfig; name = "Pods-ProjectRequestTwo.release.xcconfig"; path = "Target Support Files/Pods-ProjectRequestTwo/Pods-ProjectRequestTwo.release.xcconfig"; sourceTree = "<group>"; };
		4FF1B81128DD65FA5F8EE019 /* Pods_ProjectRequestTwo.framework */ = {isa = PBXFileReference; explicitFileType = wrapper.framework; includeInIndex = 0; path = Pods_ProjectRequestTwo.framework; sourceTree = BUILT_PRODUCTS_DIR; };
		778AD78A29C28CA800875A0D /* ProjectRequestTwo.app */ = {isa = PBXFileReference; explicitFileType = wrapper.application; includeInIndex = 0; path = ProjectRequestTwo.app; sourceTree = BUILT_PRODUCTS_DIR; };
		778AD78D29C28CA800875A0D /* AppDelegate.swift */ = {isa = PBXFileReference; lastKnownFileType = sourcecode.swift; path = AppDelegate.swift; sourceTree = "<group>"; };
		778AD78F29C28CA800875A0D /* SceneDelegate.swift */ = {isa = PBXFileReference; lastKnownFileType = sourcecode.swift; path = SceneDelegate.swift; sourceTree = "<group>"; };
		778AD79129C28CA800875A0D /* ViewController.swift */ = {isa = PBXFileReference; lastKnownFileType = sourcecode.swift; path = ViewController.swift; sourceTree = "<group>"; };
		778AD79429C28CA900875A0D /* Base */ = {isa = PBXFileReference; lastKnownFileType = file.storyboard; name = Base; path = Base.lproj/Main.storyboard; sourceTree = "<group>"; };
		778AD79629C28CAB00875A0D /* Assets.xcassets */ = {isa = PBXFileReference; lastKnownFileType = folder.assetcatalog; path = Assets.xcassets; sourceTree = "<group>"; };
		778AD79929C28CAB00875A0D /* Base */ = {isa = PBXFileReference; lastKnownFileType = file.storyboard; name = Base; path = Base.lproj/LaunchScreen.storyboard; sourceTree = "<group>"; };
		778AD79B29C28CAB00875A0D /* Info.plist */ = {isa = PBXFileReference; lastKnownFileType = text.plist.xml; path = Info.plist; sourceTree = "<group>"; };
		77C20B3A29C3ED39005A2671 /* Pizza.swift */ = {isa = PBXFileReference; lastKnownFileType = sourcecode.swift; path = Pizza.swift; sourceTree = "<group>"; };
		77C20B3C29C3F257005A2671 /* MyCustomCellXIB.swift */ = {isa = PBXFileReference; lastKnownFileType = sourcecode.swift; path = MyCustomCellXIB.swift; sourceTree = "<group>"; };
		77C20B3D29C3F257005A2671 /* MyCustomCellXIB.xib */ = {isa = PBXFileReference; lastKnownFileType = file.xib; path = MyCustomCellXIB.xib; sourceTree = "<group>"; };
		77C20B4029C3F835005A2671 /* PricePizzaViewController.swift */ = {isa = PBXFileReference; lastKnownFileType = sourcecode.swift; path = PricePizzaViewController.swift; sourceTree = "<group>"; };
		E69A580AC6589CB15119AA40 /* Pods-ProjectRequestTwo.debug.xcconfig */ = {isa = PBXFileReference; includeInIndex = 1; lastKnownFileType = text.xcconfig; name = "Pods-ProjectRequestTwo.debug.xcconfig"; path = "Target Support Files/Pods-ProjectRequestTwo/Pods-ProjectRequestTwo.debug.xcconfig"; sourceTree = "<group>"; };
/* End PBXFileReference section */

/* Begin PBXFrameworksBuildPhase section */
		778AD78729C28CA800875A0D /* Frameworks */ = {
			isa = PBXFrameworksBuildPhase;
			buildActionMask = 2147483647;
			files = (
				8AEE873DD7A26AC9B12D246E /* Pods_ProjectRequestTwo.framework in Frameworks */,
			);
			runOnlyForDeploymentPostprocessing = 0;
		};
/* End PBXFrameworksBuildPhase section */

/* Begin PBXGroup section */
		376452703D7AE47343BC1168 /* Frameworks */ = {
			isa = PBXGroup;
			children = (
				4FF1B81128DD65FA5F8EE019 /* Pods_ProjectRequestTwo.framework */,
			);
			name = Frameworks;
			sourceTree = "<group>";
		};
		778AD78129C28CA800875A0D = {
			isa = PBXGroup;
			children = (
				778AD78C29C28CA800875A0D /* ProjectRequestTwo */,
				778AD78B29C28CA800875A0D /* Products */,
				FFC50E75188C1363C7257A31 /* Pods */,
				376452703D7AE47343BC1168 /* Frameworks */,
			);
			sourceTree = "<group>";
		};
		778AD78B29C28CA800875A0D /* Products */ = {
			isa = PBXGroup;
			children = (
				778AD78A29C28CA800875A0D /* ProjectRequestTwo.app */,
			);
			name = Products;
			sourceTree = "<group>";
		};
		778AD78C29C28CA800875A0D /* ProjectRequestTwo */ = {
			isa = PBXGroup;
			children = (
				778AD78D29C28CA800875A0D /* AppDelegate.swift */,
				778AD78F29C28CA800875A0D /* SceneDelegate.swift */,
				77C20B3A29C3ED39005A2671 /* Pizza.swift */,
				778AD79129C28CA800875A0D /* ViewController.swift */,
				77C20B4029C3F835005A2671 /* PricePizzaViewController.swift */,
				77C20B3C29C3F257005A2671 /* MyCustomCellXIB.swift */,
				77C20B3D29C3F257005A2671 /* MyCustomCellXIB.xib */,
				778AD79329C28CA900875A0D /* Main.storyboard */,
				778AD79629C28CAB00875A0D /* Assets.xcassets */,
				778AD79829C28CAB00875A0D /* LaunchScreen.storyboard */,
				778AD79B29C28CAB00875A0D /* Info.plist */,
			);
			path = ProjectRequestTwo;
			sourceTree = "<group>";
		};
		FFC50E75188C1363C7257A31 /* Pods */ = {
			isa = PBXGroup;
			children = (
				E69A580AC6589CB15119AA40 /* Pods-ProjectRequestTwo.debug.xcconfig */,
				2E624DB89847D9A5D5515424 /* Pods-ProjectRequestTwo.release.xcconfig */,
			);
			path = Pods;
			sourceTree = "<group>";
		};
/* End PBXGroup section */

/* Begin PBXNativeTarget section */
		778AD78929C28CA800875A0D /* ProjectRequestTwo */ = {
			isa = PBXNativeTarget;
			buildConfigurationList = 778AD79E29C28CAB00875A0D /* Build configuration list for PBXNativeTarget "ProjectRequestTwo" */;
			buildPhases = (
				35028B9E2192DF8095C4E730 /* [CP] Check Pods Manifest.lock */,
				778AD78629C28CA800875A0D /* Sources */,
				778AD78729C28CA800875A0D /* Frameworks */,
				778AD78829C28CA800875A0D /* Resources */,
				73D6697E6115AA9A28F22F0B /* [CP] Embed Pods Frameworks */,
			);
			buildRules = (
			);
			dependencies = (
			);
			name = ProjectRequestTwo;
			productName = ProjectRequestTwo;
			productReference = 778AD78A29C28CA800875A0D /* ProjectRequestTwo.app */;
			productType = "com.apple.product-type.application";
		};
/* End PBXNativeTarget section */

/* Begin PBXProject section */
		778AD78229C28CA800875A0D /* Project object */ = {
			isa = PBXProject;
			attributes = {
				LastSwiftUpdateCheck = 1250;
				LastUpgradeCheck = 1250;
				TargetAttributes = {
					778AD78929C28CA800875A0D = {
						CreatedOnToolsVersion = 12.5.1;
					};
				};
			};
			buildConfigurationList = 778AD78529C28CA800875A0D /* Build configuration list for PBXProject "ProjectRequestTwo" */;
			compatibilityVersion = "Xcode 9.3";
			developmentRegion = en;
			hasScannedForEncodings = 0;
			knownRegions = (
				en,
				Base,
			);
			mainGroup = 778AD78129C28CA800875A0D;
			productRefGroup = 778AD78B29C28CA800875A0D /* Products */;
			projectDirPath = "";
			projectRoot = "";
			targets = (
				778AD78929C28CA800875A0D /* ProjectRequestTwo */,
			);
		};
/* End PBXProject section */

/* Begin PBXResourcesBuildPhase section */
		778AD78829C28CA800875A0D /* Resources */ = {
			isa = PBXResourcesBuildPhase;
			buildActionMask = 2147483647;
			files = (
				77C20B3F29C3F257005A2671 /* MyCustomCellXIB.xib in Resources */,
				778AD79A29C28CAB00875A0D /* LaunchScreen.storyboard in Resources */,
				778AD79729C28CAB00875A0D /* Assets.xcassets in Resources */,
				778AD79529C28CA900875A0D /* Main.storyboard in Resources */,
			);
			runOnlyForDeploymentPostprocessing = 0;
		};
/* End PBXResourcesBuildPhase section */

/* Begin PBXShellScriptBuildPhase section */
		35028B9E2192DF8095C4E730 /* [CP] Check Pods Manifest.lock */ = {
			isa = PBXShellScriptBuildPhase;
			buildActionMask = 2147483647;
			files = (
			);
			inputFileListPaths = (
			);
			inputPaths = (
				"${PODS_PODFILE_DIR_PATH}/Podfile.lock",
				"${PODS_ROOT}/Manifest.lock",
			);
			name = "[CP] Check Pods Manifest.lock";
			outputFileListPaths = (
			);
			outputPaths = (
				"$(DERIVED_FILE_DIR)/Pods-ProjectRequestTwo-checkManifestLockResult.txt",
			);
			runOnlyForDeploymentPostprocessing = 0;
			shellPath = /bin/sh;
			shellScript = "diff \"${PODS_PODFILE_DIR_PATH}/Podfile.lock\" \"${PODS_ROOT}/Manifest.lock\" > /dev/null\nif [ $? != 0 ] ; then\n    # print error to STDERR\n    echo \"error: The sandbox is not in sync with the Podfile.lock. Run 'pod install' or update your CocoaPods installation.\" >&2\n    exit 1\nfi\n# This output is used by Xcode 'outputs' to avoid re-running this script phase.\necho \"SUCCESS\" > \"${SCRIPT_OUTPUT_FILE_0}\"\n";
			showEnvVarsInLog = 0;
		};
		73D6697E6115AA9A28F22F0B /* [CP] Embed Pods Frameworks */ = {
			isa = PBXShellScriptBuildPhase;
			buildActionMask = 2147483647;
			files = (
			);
			inputFileListPaths = (
				"${PODS_ROOT}/Target Support Files/Pods-ProjectRequestTwo/Pods-ProjectRequestTwo-frameworks-${CONFIGURATION}-input-files.xcfilelist",
			);
			name = "[CP] Embed Pods Frameworks";
			outputFileListPaths = (
				"${PODS_ROOT}/Target Support Files/Pods-ProjectRequestTwo/Pods-ProjectRequestTwo-frameworks-${CONFIGURATION}-output-files.xcfilelist",
			);
			runOnlyForDeploymentPostprocessing = 0;
			shellPath = /bin/sh;
			shellScript = "\"${PODS_ROOT}/Target Support Files/Pods-ProjectRequestTwo/Pods-ProjectRequestTwo-frameworks.sh\"\n";
			showEnvVarsInLog = 0;
		};
/* End PBXShellScriptBuildPhase section */

/* Begin PBXSourcesBuildPhase section */
		778AD78629C28CA800875A0D /* Sources */ = {
			isa = PBXSourcesBuildPhase;
			buildActionMask = 2147483647;
			files = (
				77C20B3B29C3ED39005A2671 /* Pizza.swift in Sources */,
				77C20B3E29C3F257005A2671 /* MyCustomCellXIB.swift in Sources */,
				778AD79229C28CA800875A0D /* ViewController.swift in Sources */,
				778AD78E29C28CA800875A0D /* AppDelegate.swift in Sources */,
				778AD79029C28CA800875A0D /* SceneDelegate.swift in Sources */,
				77C20B4129C3F835005A2671 /* PricePizzaViewController.swift in Sources */,
			);
			runOnlyForDeploymentPostprocessing = 0;
		};
/* End PBXSourcesBuildPhase section */

/* Begin PBXVariantGroup section */
		778AD79329C28CA900875A0D /* Main.storyboard */ = {
			isa = PBXVariantGroup;
			children = (
				778AD79429C28CA900875A0D /* Base */,
			);
			name = Main.storyboard;
			sourceTree = "<group>";
		};
		778AD79829C28CAB00875A0D /* LaunchScreen.storyboard */ = {
			isa = PBXVariantGroup;
			children = (
				778AD79929C28CAB00875A0D /* Base */,
			);
			name = LaunchScreen.storyboard;
			sourceTree = "<group>";
		};
/* End PBXVariantGroup section */

/* Begin XCBuildConfiguration section */
		778AD79C29C28CAB00875A0D /* Debug */ = {
			isa = XCBuildConfiguration;
			buildSettings = {
				ALWAYS_SEARCH_USER_PATHS = NO;
				CLANG_ANALYZER_NONNULL = YES;
				CLANG_ANALYZER_NUMBER_OBJECT_CONVERSION = YES_AGGRESSIVE;
				CLANG_CXX_LANGUAGE_STANDARD = "gnu++14";
				CLANG_CXX_LIBRARY = "libc++";
				CLANG_ENABLE_MODULES = YES;
				CLANG_ENABLE_OBJC_ARC = YES;
				CLANG_ENABLE_OBJC_WEAK = YES;
				CLANG_WARN_BLOCK_CAPTURE_AUTORELEASING = YES;
				CLANG_WARN_BOOL_CONVERSION = YES;
				CLANG_WARN_COMMA = YES;
				CLANG_WARN_CONSTANT_CONVERSION = YES;
				CLANG_WARN_DEPRECATED_OBJC_IMPLEMENTATIONS = YES;
				CLANG_WARN_DIRECT_OBJC_ISA_USAGE = YES_ERROR;
				CLANG_WARN_DOCUMENTATION_COMMENTS = YES;
				CLANG_WARN_EMPTY_BODY = YES;
				CLANG_WARN_ENUM_CONVERSION = YES;
				CLANG_WARN_INFINITE_RECURSION = YES;
				CLANG_WARN_INT_CONVERSION = YES;
				CLANG_WARN_NON_LITERAL_NULL_CONVERSION = YES;
				CLANG_WARN_OBJC_IMPLICIT_RETAIN_SELF = YES;
				CLANG_WARN_OBJC_LITERAL_CONVERSION = YES;
				CLANG_WARN_OBJC_ROOT_CLASS = YES_ERROR;
				CLANG_WARN_QUOTED_INCLUDE_IN_FRAMEWORK_HEADER = YES;
				CLANG_WARN_RANGE_LOOP_ANALYSIS = YES;
				CLANG_WARN_STRICT_PROTOTYPES = YES;
				CLANG_WARN_SUSPICIOUS_MOVE = YES;
				CLANG_WARN_UNGUARDED_AVAILABILITY = YES_AGGRESSIVE;
				CLANG_WARN_UNREACHABLE_CODE = YES;
				CLANG_WARN__DUPLICATE_METHOD_MATCH = YES;
				COPY_PHASE_STRIP = NO;
				DEBUG_INFORMATION_FORMAT = dwarf;
				ENABLE_STRICT_OBJC_MSGSEND = YES;
				ENABLE_TESTABILITY = YES;
				GCC_C_LANGUAGE_STANDARD = gnu11;
				GCC_DYNAMIC_NO_PIC = NO;
				GCC_NO_COMMON_BLOCKS = YES;
				GCC_OPTIMIZATION_LEVEL = 0;
				GCC_PREPROCESSOR_DEFINITIONS = (
					"DEBUG=1",
					"$(inherited)",
				);
				GCC_WARN_64_TO_32_BIT_CONVERSION = YES;
				GCC_WARN_ABOUT_RETURN_TYPE = YES_ERROR;
				GCC_WARN_UNDECLARED_SELECTOR = YES;
				GCC_WARN_UNINITIALIZED_AUTOS = YES_AGGRESSIVE;
				GCC_WARN_UNUSED_FUNCTION = YES;
				GCC_WARN_UNUSED_VARIABLE = YES;
				IPHONEOS_DEPLOYMENT_TARGET = 14.5;
				MTL_ENABLE_DEBUG_INFO = INCLUDE_SOURCE;
				MTL_FAST_MATH = YES;
				ONLY_ACTIVE_ARCH = YES;
				SDKROOT = iphoneos;
				SWIFT_ACTIVE_COMPILATION_CONDITIONS = DEBUG;
				SWIFT_OPTIMIZATION_LEVEL = "-Onone";
			};
			name = Debug;
		};
		778AD79D29C28CAB00875A0D /* Release */ = {
			isa = XCBuildConfiguration;
			buildSettings = {
				ALWAYS_SEARCH_USER_PATHS = NO;
				CLANG_ANALYZER_NONNULL = YES;
				CLANG_ANALYZER_NUMBER_OBJECT_CONVERSION = YES_AGGRESSIVE;
				CLANG_CXX_LANGUAGE_STANDARD = "gnu++14";
				CLANG_CXX_LIBRARY = "libc++";
				CLANG_ENABLE_MODULES = YES;
				CLANG_ENABLE_OBJC_ARC = YES;
				CLANG_ENABLE_OBJC_WEAK = YES;
				CLANG_WARN_BLOCK_CAPTURE_AUTORELEASING = YES;
				CLANG_WARN_BOOL_CONVERSION = YES;
				CLANG_WARN_COMMA = YES;
				CLANG_WARN_CONSTANT_CONVERSION = YES;
				CLANG_WARN_DEPRECATED_OBJC_IMPLEMENTATIONS = YES;
				CLANG_WARN_DIRECT_OBJC_ISA_USAGE = YES_ERROR;
				CLANG_WARN_DOCUMENTATION_COMMENTS = YES;
				CLANG_WARN_EMPTY_BODY = YES;
				CLANG_WARN_ENUM_CONVERSION = YES;
				CLANG_WARN_INFINITE_RECURSION = YES;
				CLANG_WARN_INT_CONVERSION = YES;
				CLANG_WARN_NON_LITERAL_NULL_CONVERSION = YES;
				CLANG_WARN_OBJC_IMPLICIT_RETAIN_SELF = YES;
				CLANG_WARN_OBJC_LITERAL_CONVERSION = YES;
				CLANG_WARN_OBJC_ROOT_CLASS = YES_ERROR;
				CLANG_WARN_QUOTED_INCLUDE_IN_FRAMEWORK_HEADER = YES;
				CLANG_WARN_RANGE_LOOP_ANALYSIS = YES;
				CLANG_WARN_STRICT_PROTOTYPES = YES;
				CLANG_WARN_SUSPICIOUS_MOVE = YES;
				CLANG_WARN_UNGUARDED_AVAILABILITY = YES_AGGRESSIVE;
				CLANG_WARN_UNREACHABLE_CODE = YES;
				CLANG_WARN__DUPLICATE_METHOD_MATCH = YES;
				COPY_PHASE_STRIP = NO;
				DEBUG_INFORMATION_FORMAT = "dwarf-with-dsym";
				ENABLE_NS_ASSERTIONS = NO;
				ENABLE_STRICT_OBJC_MSGSEND = YES;
				GCC_C_LANGUAGE_STANDARD = gnu11;
				GCC_NO_COMMON_BLOCKS = YES;
				GCC_WARN_64_TO_32_BIT_CONVERSION = YES;
				GCC_WARN_ABOUT_RETURN_TYPE = YES_ERROR;
				GCC_WARN_UNDECLARED_SELECTOR = YES;
				GCC_WARN_UNINITIALIZED_AUTOS = YES_AGGRESSIVE;
				GCC_WARN_UNUSED_FUNCTION = YES;
				GCC_WARN_UNUSED_VARIABLE = YES;
				IPHONEOS_DEPLOYMENT_TARGET = 14.5;
				MTL_ENABLE_DEBUG_INFO = NO;
				MTL_FAST_MATH = YES;
				SDKROOT = iphoneos;
				SWIFT_COMPILATION_MODE = wholemodule;
				SWIFT_OPTIMIZATION_LEVEL = "-O";
				VALIDATE_PRODUCT = YES;
			};
			name = Release;
		};
		778AD79F29C28CAB00875A0D /* Debug */ = {
			isa = XCBuildConfiguration;
			baseConfigurationReference = E69A580AC6589CB15119AA40 /* Pods-ProjectRequestTwo.debug.xcconfig */;
			buildSettings = {
				ASSETCATALOG_COMPILER_APPICON_NAME = AppIcon;
				ASSETCATALOG_COMPILER_GLOBAL_ACCENT_COLOR_NAME = AccentColor;
				CODE_SIGN_STYLE = Automatic;
				INFOPLIST_FILE = ProjectRequestTwo/Info.plist;
				LD_RUNPATH_SEARCH_PATHS = (
					"$(inherited)",
					"@executable_path/Frameworks",
				);
				PRODUCT_BUNDLE_IDENTIFIER = Aninha.ProjectRequestTwo;
				PRODUCT_NAME = "$(TARGET_NAME)";
				SWIFT_VERSION = 5.0;
				TARGETED_DEVICE_FAMILY = "1,2";
			};
			name = Debug;
		};
		778AD7A029C28CAB00875A0D /* Release */ = {
			isa = XCBuildConfiguration;
			baseConfigurationReference = 2E624DB89847D9A5D5515424 /* Pods-ProjectRequestTwo.release.xcconfig */;
			buildSettings = {
				ASSETCATALOG_COMPILER_APPICON_NAME = AppIcon;
				ASSETCATALOG_COMPILER_GLOBAL_ACCENT_COLOR_NAME = AccentColor;
				CODE_SIGN_STYLE = Automatic;
				INFOPLIST_FILE = ProjectRequestTwo/Info.plist;
				LD_RUNPATH_SEARCH_PATHS = (
					"$(inherited)",
					"@executable_path/Frameworks",
				);
				PRODUCT_BUNDLE_IDENTIFIER = Aninha.ProjectRequestTwo;
				PRODUCT_NAME = "$(TARGET_NAME)";
				SWIFT_VERSION = 5.0;
				TARGETED_DEVICE_FAMILY = "1,2";
			};
			name = Release;
		};
/* End XCBuildConfiguration section */

/* Begin XCConfigurationList section */
		778AD78529C28CA800875A0D /* Build configuration list for PBXProject "ProjectRequestTwo" */ = {
			isa = XCConfigurationList;
			buildConfigurations = (
				778AD79C29C28CAB00875A0D /* Debug */,
				778AD79D29C28CAB00875A0D /* Release */,
			);
			defaultConfigurationIsVisible = 0;
			defaultConfigurationName = Release;
		};
		778AD79E29C28CAB00875A0D /* Build configuration list for PBXNativeTarget "ProjectRequestTwo" */ = {
			isa = XCConfigurationList;
			buildConfigurations = (
				778AD79F29C28CAB00875A0D /* Debug */,
				778AD7A029C28CAB00875A0D /* Release */,
			);
			defaultConfigurationIsVisible = 0;
			defaultConfigurationName = Release;
		};
/* End XCConfigurationList section */
	};
	rootObject = 778AD78229C28CA800875A0D /* Project object */;
}
